
Microsoft Visual Studio Solution File, Format Version 12.00
# Visual Studio Version 16
VisualStudioVersion = 16.0.30330.147
MinimumVisualStudioVersion = 10.0.40219.1
Project("{FAE04EC0-301F-11D3-BF4B-00C04F79EFBC}") = "ClassLibraryBookStore", "ClassLibraryBookStore\ClassLibraryBookStore.csproj", "{E8F3B9BC-2C77-4136-83B6-5DA0A8767035}"
EndProject
Project("{FAE04EC0-301F-11D3-BF4B-00C04F79EFBC}") = "FormAplikasiBookStore", "FormAplikasiBookStore\FormAplikasiBookStore.csproj", "{17C3A9AE-B24D-4545-94ED-FF5E2B37C14D}"
EndProject
Global
	GlobalSection(SolutionConfigurationPlatforms) = preSolution
		Debug|Any CPU = Debug|Any CPU
		Release|Any CPU = Release|Any CPU
	EndGlobalSection
	GlobalSection(ProjectConfigurationPlatforms) = postSolution
		{E8F3B9BC-2C77-4136-83B6-5DA0A8767035}.Debug|Any CPU.ActiveCfg = Debug|Any CPU
		{E8F3B9BC-2C77-4136-83B6-5DA0A8767035}.Debug|Any CPU.Build.0 = Debug|Any CPU
		{E8F3B9BC-2C77-4136-83B6-5DA0A8767035}.Release|Any CPU.ActiveCfg = Release|Any CPU
		{E8F3B9BC-2C77-4136-83B6-5DA0A8767035}.Release|Any CPU.Build.0 = Release|Any CPU
		{17C3A9AE-B24D-4545-94ED-FF5E2B37C14D}.Debug|Any CPU.ActiveCfg = Debug|Any CPU
		{17C3A9AE-B24D-4545-94ED-FF5E2B37C14D}.Debug|Any CPU.Build.0 = Debug|Any CPU
		{17C3A9AE-B24D-4545-94ED-FF5E2B37C14D}.Release|Any CPU.ActiveCfg = Release|Any CPU
		{17C3A9AE-B24D-4545-94ED-FF5E2B37C14D}.Release|Any CPU.Build.0 = Release|Any CPU
	EndGlobalSection
	GlobalSection(SolutionProperties) = preSolution
		HideSolutionNode = FALSE
	EndGlobalSection
	GlobalSection(ExtensibilityGlobals) = postSolution
		SolutionGuid = {F3257A10-92AE-4CE3-B279-014A255257C0}
	EndGlobalSection
EndGlobal
